
Microsoft Visual Studio Solution File, Format Version 12.00
# Visual Studio Version 17
VisualStudioVersion = 17.13.35931.197 d17.13
MinimumVisualStudioVersion = 10.0.40219.1
Project("{FAE04EC0-301F-11D3-BF4B-00C04F79EFBC}") = "HmMsCopilotWeb", "HmMsCopilotWeb\HmMsCopilotWeb.csproj", "{639E24AA-EC0C-4F23-ABAE-26D302E17C3E}"
EndProject
Global
	GlobalSection(SolutionConfigurationPlatforms) = preSolution
		Debug|Any CPU = Debug|Any CPU
		Release|Any CPU = Release|Any CPU
	EndGlobalSection
	GlobalSection(ProjectConfigurationPlatforms) = postSolution
		{639E24AA-EC0C-4F23-ABAE-26D302E17C3E}.Debug|Any CPU.ActiveCfg = Debug|Any CPU
		{639E24AA-EC0C-4F23-ABAE-26D302E17C3E}.Debug|Any CPU.Build.0 = Debug|Any CPU
		{639E24AA-EC0C-4F23-ABAE-26D302E17C3E}.Release|Any CPU.ActiveCfg = Release|Any CPU
		{639E24AA-EC0C-4F23-ABAE-26D302E17C3E}.Release|Any CPU.Build.0 = Release|Any CPU
	EndGlobalSection
	GlobalSection(SolutionProperties) = preSolution
		HideSolutionNode = FALSE
	EndGlobalSection
	GlobalSection(ExtensibilityGlobals) = postSolution
		SolutionGuid = {37EC78D9-F4DD-4EF9-B1C8-FE2C446B96C1}
	EndGlobalSection
EndGlobal
